
Microsoft Visual Studio Solution File, Format Version 12.00
# Visual Studio 15
VisualStudioVersion = 15.0.28307.329
MinimumVisualStudioVersion = 10.0.40219.1
Project("{FAE04EC0-301F-11D3-BF4B-00C04F79EFBC}") = "Task1", "Task1\Task1.csproj", "{FD2A8E66-4A71-4D32-909D-15E3A703515D}"
EndProject
Global
	GlobalSection(SolutionConfigurationPlatforms) = preSolution
		Debug|Any CPU = Debug|Any CPU
		Release|Any CPU = Release|Any CPU
	EndGlobalSection
	GlobalSection(ProjectConfigurationPlatforms) = postSolution
		{FD2A8E66-4A71-4D32-909D-15E3A703515D}.Debug|Any CPU.ActiveCfg = Debug|Any CPU
		{FD2A8E66-4A71-4D32-909D-15E3A703515D}.Debug|Any CPU.Build.0 = Debug|Any CPU
		{FD2A8E66-4A71-4D32-909D-15E3A703515D}.Release|Any CPU.ActiveCfg = Release|Any CPU
		{FD2A8E66-4A71-4D32-909D-15E3A703515D}.Release|Any CPU.Build.0 = Release|Any CPU
	EndGlobalSection
	GlobalSection(SolutionProperties) = preSolution
		HideSolutionNode = FALSE
	EndGlobalSection
	GlobalSection(ExtensibilityGlobals) = postSolution
		SolutionGuid = {509AA46D-5F59-4763-929B-D5C4F09DE07E}
	EndGlobalSection
EndGlobal
